// !$*UTF8*$!
{
	archiveVersion = 1;
	classes = {
	};
	objectVersion = 50;
	objects = {

/* Begin PBXBuildFile section */
		F95B612722B09DBC00DE15BA /* TestPodSpecLib.m in Sources */ = {isa = PBXBuildFile; fileRef = F95B612622B09DBC00DE15BA /* TestPodSpecLib.m */; };
		F95B612822B09DBC00DE15BA /* TestPodSpecLib.h in CopyFiles */ = {isa = PBXBuildFile; fileRef = F95B612522B09DBC00DE15BA /* TestPodSpecLib.h */; };
		F95B613122B09EBE00DE15BA /* SkyLab.m in Sources */ = {isa = PBXBuildFile; fileRef = F95B613022B09EBE00DE15BA /* SkyLab.m */; };
/* End PBXBuildFile section */

/* Begin PBXCopyFilesBuildPhase section */
		F95B612022B09DBC00DE15BA /* CopyFiles */ = {
			isa = PBXCopyFilesBuildPhase;
			buildActionMask = 2147483647;
			dstPath = "include/$(PRODUCT_NAME)";
			dstSubfolderSpec = 16;
			files = (
				F95B612822B09DBC00DE15BA /* TestPodSpecLib.h in CopyFiles */,
			);
			runOnlyForDeploymentPostprocessing = 0;
		};
/* End PBXCopyFilesBuildPhase section */

/* Begin PBXFileReference section */
		F95B612222B09DBC00DE15BA /* libTestPodSpecLib.a */ = {isa = PBXFileReference; explicitFileType = archive.ar; includeInIndex = 0; path = libTestPodSpecLib.a; sourceTree = BUILT_PRODUCTS_DIR; };
		F95B612522B09DBC00DE15BA /* TestPodSpecLib.h */ = {isa = PBXFileReference; lastKnownFileType = sourcecode.c.h; path = TestPodSpecLib.h; sourceTree = "<group>"; };
		F95B612622B09DBC00DE15BA /* TestPodSpecLib.m */ = {isa = PBXFileReference; lastKnownFileType = sourcecode.c.objc; path = TestPodSpecLib.m; sourceTree = "<group>"; };
		F95B612F22B09EBE00DE15BA /* SkyLab.h */ = {isa = PBXFileReference; fileEncoding = 4; lastKnownFileType = sourcecode.c.h; path = SkyLab.h; sourceTree = "<group>"; };
		F95B613022B09EBE00DE15BA /* SkyLab.m */ = {isa = PBXFileReference; fileEncoding = 4; lastKnownFileType = sourcecode.c.objc; path = SkyLab.m; sourceTree = "<group>"; };
/* End PBXFileReference section */

/* Begin PBXFrameworksBuildPhase section */
		F95B611F22B09DBC00DE15BA /* Frameworks */ = {
			isa = PBXFrameworksBuildPhase;
			buildActionMask = 2147483647;
			files = (
			);
			runOnlyForDeploymentPostprocessing = 0;
		};
/* End PBXFrameworksBuildPhase section */

/* Begin PBXGroup section */
		F95B611922B09DBC00DE15BA = {
			isa = PBXGroup;
			children = (
				F95B612422B09DBC00DE15BA /* TestPodSpecLib */,
				F95B612322B09DBC00DE15BA /* Products */,
			);
			sourceTree = "<group>";
		};
		F95B612322B09DBC00DE15BA /* Products */ = {
			isa = PBXGroup;
			children = (
				F95B612222B09DBC00DE15BA /* libTestPodSpecLib.a */,
			);
			name = Products;
			sourceTree = "<group>";
		};
		F95B612422B09DBC00DE15BA /* TestPodSpecLib */ = {
			isa = PBXGroup;
			children = (
				F95B612E22B09EBE00DE15BA /* SkyLab */,
				F95B612522B09DBC00DE15BA /* TestPodSpecLib.h */,
				F95B612622B09DBC00DE15BA /* TestPodSpecLib.m */,
			);
			path = TestPodSpecLib;
			sourceTree = "<group>";
		};
		F95B612E22B09EBE00DE15BA /* SkyLab */ = {
			isa = PBXGroup;
			children = (
				F95B612F22B09EBE00DE15BA /* SkyLab.h */,
				F95B613022B09EBE00DE15BA /* SkyLab.m */,
			);
			path = SkyLab;
			sourceTree = "<group>";
		};
/* End PBXGroup section */

/* Begin PBXNativeTarget section */
		F95B612122B09DBC00DE15BA /* TestPodSpecLib */ = {
			isa = PBXNativeTarget;
			buildConfigurationList = F95B612B22B09DBC00DE15BA /* Build configuration list for PBXNativeTarget "TestPodSpecLib" */;
			buildPhases = (
				F95B611E22B09DBC00DE15BA /* Sources */,
				F95B611F22B09DBC00DE15BA /* Frameworks */,
				F95B612022B09DBC00DE15BA /* CopyFiles */,
			);
			buildRules = (
			);
			dependencies = (
			);
			name = TestPodSpecLib;
			productName = TestPodSpecLib;
			productReference = F95B612222B09DBC00DE15BA /* libTestPodSpecLib.a */;
			productType = "com.apple.product-type.library.static";
		};
/* End PBXNativeTarget section */

/* Begin PBXProject section */
		F95B611A22B09DBC00DE15BA /* Project object */ = {
			isa = PBXProject;
			attributes = {
				LastUpgradeCheck = 1020;
				ORGANIZATIONNAME = Dmall;
				TargetAttributes = {
					F95B612122B09DBC00DE15BA = {
						CreatedOnToolsVersion = 10.2;
					};
				};
			};
			buildConfigurationList = F95B611D22B09DBC00DE15BA /* Build configuration list for PBXProject "TestPodSpecLib" */;
			compatibilityVersion = "Xcode 9.3";
			developmentRegion = en;
			hasScannedForEncodings = 0;
			knownRegions = (
				en,
			);
			mainGroup = F95B611922B09DBC00DE15BA;
			productRefGroup = F95B612322B09DBC00DE15BA /* Products */;
			projectDirPath = "";
			projectRoot = "";
			targets = (
				F95B612122B09DBC00DE15BA /* TestPodSpecLib */,
			);
		};
/* End PBXProject section */

/* Begin PBXSourcesBuildPhase section */
		F95B611E22B09DBC00DE15BA /* Sources */ = {
			isa = PBXSourcesBuildPhase;
			buildActionMask = 2147483647;
			files = (
				F95B612722B09DBC00DE15BA /* TestPodSpecLib.m in Sources */,
				F95B613122B09EBE00DE15BA /* SkyLab.m in Sources */,
			);
			runOnlyForDeploymentPostprocessing = 0;
		};
/* End PBXSourcesBuildPhase section */

/* Begin XCBuildConfiguration section */
		F95B612922B09DBC00DE15BA /* Debug */ = {
			isa = XCBuildConfiguration;
			buildSettings = {
				ALWAYS_SEARCH_USER_PATHS = NO;
				CLANG_ANALYZER_NONNULL = YES;
				CLANG_ANALYZER_NUMBER_OBJECT_CONVERSION = YES_AGGRESSIVE;
				CLANG_CXX_LANGUAGE_STANDARD = "gnu++14";
				CLANG_CXX_LIBRARY = "libc++";
				CLANG_ENABLE_MODULES = YES;
				CLANG_ENABLE_OBJC_ARC = YES;
				CLANG_ENABLE_OBJC_WEAK = YES;
				CLANG_WARN_BLOCK_CAPTURE_AUTORELEASING = YES;
				CLANG_WARN_BOOL_CONVERSION = YES;
				CLANG_WARN_COMMA = YES;
				CLANG_WARN_CONSTANT_CONVERSION = YES;
				CLANG_WARN_DEPRECATED_OBJC_IMPLEMENTATIONS = YES;
				CLANG_WARN_DIRECT_OBJC_ISA_USAGE = YES_ERROR;
				CLANG_WARN_DOCUMENTATION_COMMENTS = YES;
				CLANG_WARN_EMPTY_BODY = YES;
				CLANG_WARN_ENUM_CONVERSION = YES;
				CLANG_WARN_INFINITE_RECURSION = YES;
				CLANG_WARN_INT_CONVERSION = YES;
				CLANG_WARN_NON_LITERAL_NULL_CONVERSION = YES;
				CLANG_WARN_OBJC_IMPLICIT_RETAIN_SELF = YES;
				CLANG_WARN_OBJC_LITERAL_CONVERSION = YES;
				CLANG_WARN_OBJC_ROOT_CLASS = YES_ERROR;
				CLANG_WARN_RANGE_LOOP_ANALYSIS = YES;
				CLANG_WARN_STRICT_PROTOTYPES = YES;
				CLANG_WARN_SUSPICIOUS_MOVE = YES;
				CLANG_WARN_UNGUARDED_AVAILABILITY = YES_AGGRESSIVE;
				CLANG_WARN_UNREACHABLE_CODE = YES;
				CLANG_WARN__DUPLICATE_METHOD_MATCH = YES;
				CODE_SIGN_IDENTITY = "iPhone Developer";
				COPY_PHASE_STRIP = NO;
				DEBUG_INFORMATION_FORMAT = dwarf;
				ENABLE_STRICT_OBJC_MSGSEND = YES;
				ENABLE_TESTABILITY = YES;
				GCC_C_LANGUAGE_STANDARD = gnu11;
				GCC_DYNAMIC_NO_PIC = NO;
				GCC_NO_COMMON_BLOCKS = YES;
				GCC_OPTIMIZATION_LEVEL = 0;
				GCC_PREPROCESSOR_DEFINITIONS = (
					"DEBUG=1",
					"$(inherited)",
				);
				GCC_WARN_64_TO_32_BIT_CONVERSION = YES;
				GCC_WARN_ABOUT_RETURN_TYPE = YES_ERROR;
				GCC_WARN_UNDECLARED_SELECTOR = YES;
				GCC_WARN_UNINITIALIZED_AUTOS = YES_AGGRESSIVE;
				GCC_WARN_UNUSED_FUNCTION = YES;
				GCC_WARN_UNUSED_VARIABLE = YES;
				IPHONEOS_DEPLOYMENT_TARGET = 8.0;
				MTL_ENABLE_DEBUG_INFO = INCLUDE_SOURCE;
				MTL_FAST_MATH = YES;
				ONLY_ACTIVE_ARCH = YES;
				SDKROOT = iphoneos;
			};
			name = Debug;
		};
		F95B612A22B09DBC00DE15BA /* Release */ = {
			isa = XCBuildConfiguration;
			buildSettings = {
				ALWAYS_SEARCH_USER_PATHS = NO;
				CLANG_ANALYZER_NONNULL = YES;
				CLANG_ANALYZER_NUMBER_OBJECT_CONVERSION = YES_AGGRESSIVE;
				CLANG_CXX_LANGUAGE_STANDARD = "gnu++14";
				CLANG_CXX_LIBRARY = "libc++";
				CLANG_ENABLE_MODULES = YES;
				CLANG_ENABLE_OBJC_ARC = YES;
				CLANG_ENABLE_OBJC_WEAK = YES;
				CLANG_WARN_BLOCK_CAPTURE_AUTORELEASING = YES;
				CLANG_WARN_BOOL_CONVERSION = YES;
				CLANG_WARN_COMMA = YES;
				CLANG_WARN_CONSTANT_CONVERSION = YES;
				CLANG_WARN_DEPRECATED_OBJC_IMPLEMENTATIONS = YES;
				CLANG_WARN_DIRECT_OBJC_ISA_USAGE = YES_ERROR;
				CLANG_WARN_DOCUMENTATION_COMMENTS = YES;
				CLANG_WARN_EMPTY_BODY = YES;
				CLANG_WARN_ENUM_CONVERSION = YES;
				CLANG_WARN_INFINITE_RECURSION = YES;
				CLANG_WARN_INT_CONVERSION = YES;
				CLANG_WARN_NON_LITERAL_NULL_CONVERSION = YES;
				CLANG_WARN_OBJC_IMPLICIT_RETAIN_SELF = YES;
				CLANG_WARN_OBJC_LITERAL_CONVERSION = YES;
				CLANG_WARN_OBJC_ROOT_CLASS = YES_ERROR;
				CLANG_WARN_RANGE_LOOP_ANALYSIS = YES;
				CLANG_WARN_STRICT_PROTOTYPES = YES;
				CLANG_WARN_SUSPICIOUS_MOVE = YES;
				CLANG_WARN_UNGUARDED_AVAILABILITY = YES_AGGRESSIVE;
				CLANG_WARN_UNREACHABLE_CODE = YES;
				CLANG_WARN__DUPLICATE_METHOD_MATCH = YES;
				CODE_SIGN_IDENTITY = "iPhone Developer";
				COPY_PHASE_STRIP = NO;
				DEBUG_INFORMATION_FORMAT = "dwarf-with-dsym";
				ENABLE_NS_ASSERTIONS = NO;
				ENABLE_STRICT_OBJC_MSGSEND = YES;
				GCC_C_LANGUAGE_STANDARD = gnu11;
				GCC_NO_COMMON_BLOCKS = YES;
				GCC_WARN_64_TO_32_BIT_CONVERSION = YES;
				GCC_WARN_ABOUT_RETURN_TYPE = YES_ERROR;
				GCC_WARN_UNDECLARED_SELECTOR = YES;
				GCC_WARN_UNINITIALIZED_AUTOS = YES_AGGRESSIVE;
				GCC_WARN_UNUSED_FUNCTION = YES;
				GCC_WARN_UNUSED_VARIABLE = YES;
				IPHONEOS_DEPLOYMENT_TARGET = 8.0;
				MTL_ENABLE_DEBUG_INFO = NO;
				MTL_FAST_MATH = YES;
				SDKROOT = iphoneos;
				VALIDATE_PRODUCT = YES;
			};
			name = Release;
		};
		F95B612C22B09DBC00DE15BA /* Debug */ = {
			isa = XCBuildConfiguration;
			buildSettings = {
				CODE_SIGN_STYLE = Automatic;
				OTHER_LDFLAGS = "-ObjC";
				PRODUCT_NAME = "$(TARGET_NAME)";
				SKIP_INSTALL = YES;
				TARGETED_DEVICE_FAMILY = "1,2";
			};
			name = Debug;
		};
		F95B612D22B09DBC00DE15BA /* Release */ = {
			isa = XCBuildConfiguration;
			buildSettings = {
				CODE_SIGN_STYLE = Automatic;
				OTHER_LDFLAGS = "-ObjC";
				PRODUCT_NAME = "$(TARGET_NAME)";
				SKIP_INSTALL = YES;
				TARGETED_DEVICE_FAMILY = "1,2";
			};
			name = Release;
		};
/* End XCBuildConfiguration section */

/* Begin XCConfigurationList section */
		F95B611D22B09DBC00DE15BA /* Build configuration list for PBXProject "TestPodSpecLib" */ = {
			isa = XCConfigurationList;
			buildConfigurations = (
				F95B612922B09DBC00DE15BA /* Debug */,
				F95B612A22B09DBC00DE15BA /* Release */,
			);
			defaultConfigurationIsVisible = 0;
			defaultConfigurationName = Release;
		};
		F95B612B22B09DBC00DE15BA /* Build configuration list for PBXNativeTarget "TestPodSpecLib" */ = {
			isa = XCConfigurationList;
			buildConfigurations = (
				F95B612C22B09DBC00DE15BA /* Debug */,
				F95B612D22B09DBC00DE15BA /* Release */,
			);
			defaultConfigurationIsVisible = 0;
			defaultConfigurationName = Release;
		};
/* End XCConfigurationList section */
	};
	rootObject = F95B611A22B09DBC00DE15BA /* Project object */;
}
